
Microsoft Visual Studio Solution File, Format Version 12.00
# Visual Studio Version 16
VisualStudioVersion = 16.0.28803.156
MinimumVisualStudioVersion = 10.0.40219.1
Project("{FAE04EC0-301F-11D3-BF4B-00C04F79EFBC}") = "Betris-Publish", "Betris-Publish\Betris-Publish.csproj", "{12E4C26A-4AC7-44E2-92DC-BA52AD6561EB}"
EndProject
Global
	GlobalSection(SolutionConfigurationPlatforms) = preSolution
		Debug|Any CPU = Debug|Any CPU
		Release|Any CPU = Release|Any CPU
	EndGlobalSection
	GlobalSection(ProjectConfigurationPlatforms) = postSolution
		{12E4C26A-4AC7-44E2-92DC-BA52AD6561EB}.Debug|Any CPU.ActiveCfg = Debug|Any CPU
		{12E4C26A-4AC7-44E2-92DC-BA52AD6561EB}.Debug|Any CPU.Build.0 = Debug|Any CPU
		{12E4C26A-4AC7-44E2-92DC-BA52AD6561EB}.Release|Any CPU.ActiveCfg = Release|Any CPU
		{12E4C26A-4AC7-44E2-92DC-BA52AD6561EB}.Release|Any CPU.Build.0 = Release|Any CPU
	EndGlobalSection
	GlobalSection(SolutionProperties) = preSolution
		HideSolutionNode = FALSE
	EndGlobalSection
	GlobalSection(ExtensibilityGlobals) = postSolution
		SolutionGuid = {DF91D92D-B2EA-45DD-89DB-CB7761E7448A}
	EndGlobalSection
EndGlobal
